
Microsoft Visual Studio Solution File, Format Version 12.00
# Visual Studio 15
VisualStudioVersion = 15.0.27428.2027
MinimumVisualStudioVersion = 10.0.40219.1
Project("{F184B08F-C81C-45F6-A57F-5ABD9991F28F}") = "Conveyor", "Conveyor\Conveyor.vbproj", "{4BC35144-9967-4C6E-8FD8-5F033966352C}"
EndProject
Project("{F184B08F-C81C-45F6-A57F-5ABD9991F28F}") = "VersionUpdate", "VersionUpdate\VersionUpdate.vbproj", "{E1FC9FEE-015A-4827-A890-7FB421E517D1}"
EndProject
Global
	GlobalSection(SolutionConfigurationPlatforms) = preSolution
		Debug|Any CPU = Debug|Any CPU
		Release|Any CPU = Release|Any CPU
	EndGlobalSection
	GlobalSection(ProjectConfigurationPlatforms) = postSolution
		{4BC35144-9967-4C6E-8FD8-5F033966352C}.Debug|Any CPU.ActiveCfg = Debug|Any CPU
		{4BC35144-9967-4C6E-8FD8-5F033966352C}.Debug|Any CPU.Build.0 = Debug|Any CPU
		{4BC35144-9967-4C6E-8FD8-5F033966352C}.Release|Any CPU.ActiveCfg = Release|Any CPU
		{4BC35144-9967-4C6E-8FD8-5F033966352C}.Release|Any CPU.Build.0 = Release|Any CPU
		{E1FC9FEE-015A-4827-A890-7FB421E517D1}.Debug|Any CPU.ActiveCfg = Debug|Any CPU
		{E1FC9FEE-015A-4827-A890-7FB421E517D1}.Debug|Any CPU.Build.0 = Debug|Any CPU
		{E1FC9FEE-015A-4827-A890-7FB421E517D1}.Release|Any CPU.ActiveCfg = Release|Any CPU
		{E1FC9FEE-015A-4827-A890-7FB421E517D1}.Release|Any CPU.Build.0 = Release|Any CPU
	EndGlobalSection
	GlobalSection(SolutionProperties) = preSolution
		HideSolutionNode = FALSE
	EndGlobalSection
	GlobalSection(ExtensibilityGlobals) = postSolution
		VisualSVNWorkingCopyRoot = .
		SolutionGuid = {7E08A70F-943B-425A-93D7-B3B5BDC8BF15}
	EndGlobalSection
EndGlobal
